
Microsoft Visual Studio Solution File, Format Version 12.00
# Visual Studio Version 16
VisualStudioVersion = 16.0.28803.452
MinimumVisualStudioVersion = 10.0.40219.1
Project("{8BC9CEB8-8B4A-11D0-8D11-00A0C91BC942}") = "Dijkstra Algorithm", "Dijkstra Algorithm\Dijkstra Algorithm.vcxproj", "{FC3BAE1D-AD13-4D5E-879A-847DB9A2A272}"
EndProject
Global
	GlobalSection(SolutionConfigurationPlatforms) = preSolution
		Debug|x64 = Debug|x64
		Debug|x86 = Debug|x86
		Release|x64 = Release|x64
		Release|x86 = Release|x86
	EndGlobalSection
	GlobalSection(ProjectConfigurationPlatforms) = postSolution
		{FC3BAE1D-AD13-4D5E-879A-847DB9A2A272}.Debug|x64.ActiveCfg = Debug|x64
		{FC3BAE1D-AD13-4D5E-879A-847DB9A2A272}.Debug|x64.Build.0 = Debug|x64
		{FC3BAE1D-AD13-4D5E-879A-847DB9A2A272}.Debug|x86.ActiveCfg = Debug|Win32
		{FC3BAE1D-AD13-4D5E-879A-847DB9A2A272}.Debug|x86.Build.0 = Debug|Win32
		{FC3BAE1D-AD13-4D5E-879A-847DB9A2A272}.Release|x64.ActiveCfg = Release|x64
		{FC3BAE1D-AD13-4D5E-879A-847DB9A2A272}.Release|x64.Build.0 = Release|x64
		{FC3BAE1D-AD13-4D5E-879A-847DB9A2A272}.Release|x86.ActiveCfg = Release|Win32
		{FC3BAE1D-AD13-4D5E-879A-847DB9A2A272}.Release|x86.Build.0 = Release|Win32
	EndGlobalSection
	GlobalSection(SolutionProperties) = preSolution
		HideSolutionNode = FALSE
	EndGlobalSection
	GlobalSection(ExtensibilityGlobals) = postSolution
		SolutionGuid = {B7271164-D692-4734-870F-5DC6062A6B38}
	EndGlobalSection
EndGlobal
